
Microsoft Visual Studio Solution File, Format Version 12.00
# Visual Studio Version 17
VisualStudioVersion = 17.5.002.0
MinimumVisualStudioVersion = 10.0.40219.1
Project("{9A19103F-16F7-4668-BE54-9A1E7A4F7556}") = "DesafioTDD.Console", "DesafioTDD.Console\DesafioTDD.Console.csproj", "{1BCFA8D6-7F17-40C4-9641-2A61102333B5}"
EndProject
Project("{9A19103F-16F7-4668-BE54-9A1E7A4F7556}") = "DesafioTDD.Tests", "DesafioTDD.Tests\DesafioTDD.Tests.csproj", "{81EFDD63-5E87-4332-B5F8-0284B507BC00}"
EndProject
Global
	GlobalSection(SolutionConfigurationPlatforms) = preSolution
		Debug|Any CPU = Debug|Any CPU
		Release|Any CPU = Release|Any CPU
	EndGlobalSection
	GlobalSection(ProjectConfigurationPlatforms) = postSolution
		{1BCFA8D6-7F17-40C4-9641-2A61102333B5}.Debug|Any CPU.ActiveCfg = Debug|Any CPU
		{1BCFA8D6-7F17-40C4-9641-2A61102333B5}.Debug|Any CPU.Build.0 = Debug|Any CPU
		{1BCFA8D6-7F17-40C4-9641-2A61102333B5}.Release|Any CPU.ActiveCfg = Release|Any CPU
		{1BCFA8D6-7F17-40C4-9641-2A61102333B5}.Release|Any CPU.Build.0 = Release|Any CPU
		{81EFDD63-5E87-4332-B5F8-0284B507BC00}.Debug|Any CPU.ActiveCfg = Debug|Any CPU
		{81EFDD63-5E87-4332-B5F8-0284B507BC00}.Debug|Any CPU.Build.0 = Debug|Any CPU
		{81EFDD63-5E87-4332-B5F8-0284B507BC00}.Release|Any CPU.ActiveCfg = Release|Any CPU
		{81EFDD63-5E87-4332-B5F8-0284B507BC00}.Release|Any CPU.Build.0 = Release|Any CPU
	EndGlobalSection
	GlobalSection(SolutionProperties) = preSolution
		HideSolutionNode = FALSE
	EndGlobalSection
	GlobalSection(ExtensibilityGlobals) = postSolution
		SolutionGuid = {32BF3F9A-EF9B-4051-BB45-90575E87ED36}
	EndGlobalSection
EndGlobal
